// !$*UTF8*$!
{
	archiveVersion = 1;
	classes = {
	};
	objectVersion = 50;
	objects = {

/* Begin PBXBuildFile section */
		732B49CD24D8094700A6296C /* GLESUtils.m in Sources */ = {isa = PBXBuildFile; fileRef = 732B49C724D8094700A6296C /* GLESUtils.m */; };
		732B49CE24D8094700A6296C /* GLESMath.c in Sources */ = {isa = PBXBuildFile; fileRef = 732B49C924D8094700A6296C /* GLESMath.c */; };
		738E0B0324D177BE00B228B8 /* AppDelegate.m in Sources */ = {isa = PBXBuildFile; fileRef = 738E0B0224D177BE00B228B8 /* AppDelegate.m */; };
		738E0B0624D177BE00B228B8 /* SceneDelegate.m in Sources */ = {isa = PBXBuildFile; fileRef = 738E0B0524D177BE00B228B8 /* SceneDelegate.m */; };
		738E0B0924D177BE00B228B8 /* ViewController.m in Sources */ = {isa = PBXBuildFile; fileRef = 738E0B0824D177BE00B228B8 /* ViewController.m */; };
		738E0B0C24D177BE00B228B8 /* Main.storyboard in Resources */ = {isa = PBXBuildFile; fileRef = 738E0B0A24D177BE00B228B8 /* Main.storyboard */; };
		738E0B0E24D177C100B228B8 /* Assets.xcassets in Resources */ = {isa = PBXBuildFile; fileRef = 738E0B0D24D177C100B228B8 /* Assets.xcassets */; };
		738E0B1124D177C100B228B8 /* LaunchScreen.storyboard in Resources */ = {isa = PBXBuildFile; fileRef = 738E0B0F24D177C100B228B8 /* LaunchScreen.storyboard */; };
		738E0B1424D177C100B228B8 /* main.m in Sources */ = {isa = PBXBuildFile; fileRef = 738E0B1324D177C100B228B8 /* main.m */; };
		738E0B1E24D177C100B228B8 /* GLSL_TestTests.m in Sources */ = {isa = PBXBuildFile; fileRef = 738E0B1D24D177C100B228B8 /* GLSL_TestTests.m */; };
		738E0B2924D177C100B228B8 /* GLSL_TestUITests.m in Sources */ = {isa = PBXBuildFile; fileRef = 738E0B2824D177C100B228B8 /* GLSL_TestUITests.m */; };
		738E0B3724D17B1700B228B8 /* shaderv.vsh in Resources */ = {isa = PBXBuildFile; fileRef = 738E0B3624D17B1700B228B8 /* shaderv.vsh */; };
		738E0B3924D17B2300B228B8 /* shaderf.fsh in Resources */ = {isa = PBXBuildFile; fileRef = 738E0B3824D17B2300B228B8 /* shaderf.fsh */; };
		73B807AC24D30E9B00098735 /* GLSLTestView.m in Sources */ = {isa = PBXBuildFile; fileRef = 73B807AB24D30E9B00098735 /* GLSLTestView.m */; };
/* End PBXBuildFile section */

/* Begin PBXContainerItemProxy section */
		738E0B1A24D177C100B228B8 /* PBXContainerItemProxy */ = {
			isa = PBXContainerItemProxy;
			containerPortal = 738E0AF624D177BE00B228B8 /* Project object */;
			proxyType = 1;
			remoteGlobalIDString = 738E0AFD24D177BE00B228B8;
			remoteInfo = GLSL_Test;
		};
		738E0B2524D177C100B228B8 /* PBXContainerItemProxy */ = {
			isa = PBXContainerItemProxy;
			containerPortal = 738E0AF624D177BE00B228B8 /* Project object */;
			proxyType = 1;
			remoteGlobalIDString = 738E0AFD24D177BE00B228B8;
			remoteInfo = GLSL_Test;
		};
/* End PBXContainerItemProxy section */

/* Begin PBXFileReference section */
		732B49C724D8094700A6296C /* GLESUtils.m */ = {isa = PBXFileReference; fileEncoding = 4; lastKnownFileType = sourcecode.c.objc; path = GLESUtils.m; sourceTree = "<group>"; };
		732B49C824D8094700A6296C /* Quaternion.h */ = {isa = PBXFileReference; fileEncoding = 4; lastKnownFileType = sourcecode.c.h; path = Quaternion.h; sourceTree = "<group>"; };
		732B49C924D8094700A6296C /* GLESMath.c */ = {isa = PBXFileReference; fileEncoding = 4; lastKnownFileType = sourcecode.c.c; path = GLESMath.c; sourceTree = "<group>"; };
		732B49CA24D8094700A6296C /* GLESUtils.h */ = {isa = PBXFileReference; fileEncoding = 4; lastKnownFileType = sourcecode.c.h; path = GLESUtils.h; sourceTree = "<group>"; };
		732B49CB24D8094700A6296C /* Vector.h */ = {isa = PBXFileReference; fileEncoding = 4; lastKnownFileType = sourcecode.c.h; path = Vector.h; sourceTree = "<group>"; };
		732B49CC24D8094700A6296C /* GLESMath.h */ = {isa = PBXFileReference; fileEncoding = 4; lastKnownFileType = sourcecode.c.h; path = GLESMath.h; sourceTree = "<group>"; };
		738E0AFE24D177BE00B228B8 /* GLSL_Test.app */ = {isa = PBXFileReference; explicitFileType = wrapper.application; includeInIndex = 0; path = GLSL_Test.app; sourceTree = BUILT_PRODUCTS_DIR; };
		738E0B0124D177BE00B228B8 /* AppDelegate.h */ = {isa = PBXFileReference; lastKnownFileType = sourcecode.c.h; path = AppDelegate.h; sourceTree = "<group>"; };
		738E0B0224D177BE00B228B8 /* AppDelegate.m */ = {isa = PBXFileReference; lastKnownFileType = sourcecode.c.objc; path = AppDelegate.m; sourceTree = "<group>"; };
		738E0B0424D177BE00B228B8 /* SceneDelegate.h */ = {isa = PBXFileReference; lastKnownFileType = sourcecode.c.h; path = SceneDelegate.h; sourceTree = "<group>"; };
		738E0B0524D177BE00B228B8 /* SceneDelegate.m */ = {isa = PBXFileReference; lastKnownFileType = sourcecode.c.objc; path = SceneDelegate.m; sourceTree = "<group>"; };
		738E0B0724D177BE00B228B8 /* ViewController.h */ = {isa = PBXFileReference; lastKnownFileType = sourcecode.c.h; path = ViewController.h; sourceTree = "<group>"; };
		738E0B0824D177BE00B228B8 /* ViewController.m */ = {isa = PBXFileReference; lastKnownFileType = sourcecode.c.objc; path = ViewController.m; sourceTree = "<group>"; };
		738E0B0B24D177BE00B228B8 /* Base */ = {isa = PBXFileReference; lastKnownFileType = file.storyboard; name = Base; path = Base.lproj/Main.storyboard; sourceTree = "<group>"; };
		738E0B0D24D177C100B228B8 /* Assets.xcassets */ = {isa = PBXFileReference; lastKnownFileType = folder.assetcatalog; path = Assets.xcassets; sourceTree = "<group>"; };
		738E0B1024D177C100B228B8 /* Base */ = {isa = PBXFileReference; lastKnownFileType = file.storyboard; name = Base; path = Base.lproj/LaunchScreen.storyboard; sourceTree = "<group>"; };
		738E0B1224D177C100B228B8 /* Info.plist */ = {isa = PBXFileReference; lastKnownFileType = text.plist.xml; path = Info.plist; sourceTree = "<group>"; };
		738E0B1324D177C100B228B8 /* main.m */ = {isa = PBXFileReference; lastKnownFileType = sourcecode.c.objc; path = main.m; sourceTree = "<group>"; };
		738E0B1924D177C100B228B8 /* GLSL_TestTests.xctest */ = {isa = PBXFileReference; explicitFileType = wrapper.cfbundle; includeInIndex = 0; path = GLSL_TestTests.xctest; sourceTree = BUILT_PRODUCTS_DIR; };
		738E0B1D24D177C100B228B8 /* GLSL_TestTests.m */ = {isa = PBXFileReference; lastKnownFileType = sourcecode.c.objc; path = GLSL_TestTests.m; sourceTree = "<group>"; };
		738E0B1F24D177C100B228B8 /* Info.plist */ = {isa = PBXFileReference; lastKnownFileType = text.plist.xml; path = Info.plist; sourceTree = "<group>"; };
		738E0B2424D177C100B228B8 /* GLSL_TestUITests.xctest */ = {isa = PBXFileReference; explicitFileType = wrapper.cfbundle; includeInIndex = 0; path = GLSL_TestUITests.xctest; sourceTree = BUILT_PRODUCTS_DIR; };
		738E0B2824D177C100B228B8 /* GLSL_TestUITests.m */ = {isa = PBXFileReference; lastKnownFileType = sourcecode.c.objc; path = GLSL_TestUITests.m; sourceTree = "<group>"; };
		738E0B2A24D177C100B228B8 /* Info.plist */ = {isa = PBXFileReference; lastKnownFileType = text.plist.xml; path = Info.plist; sourceTree = "<group>"; };
		738E0B3624D17B1700B228B8 /* shaderv.vsh */ = {isa = PBXFileReference; lastKnownFileType = sourcecode.glsl; path = shaderv.vsh; sourceTree = "<group>"; };
		738E0B3824D17B2300B228B8 /* shaderf.fsh */ = {isa = PBXFileReference; lastKnownFileType = sourcecode.glsl; path = shaderf.fsh; sourceTree = "<group>"; };
		73B807AA24D30E9B00098735 /* GLSLTestView.h */ = {isa = PBXFileReference; lastKnownFileType = sourcecode.c.h; path = GLSLTestView.h; sourceTree = "<group>"; };
		73B807AB24D30E9B00098735 /* GLSLTestView.m */ = {isa = PBXFileReference; lastKnownFileType = sourcecode.c.objc; path = GLSLTestView.m; sourceTree = "<group>"; };
/* End PBXFileReference section */

/* Begin PBXFrameworksBuildPhase section */
		738E0AFB24D177BE00B228B8 /* Frameworks */ = {
			isa = PBXFrameworksBuildPhase;
			buildActionMask = 2147483647;
			files = (
			);
			runOnlyForDeploymentPostprocessing = 0;
		};
		738E0B1624D177C100B228B8 /* Frameworks */ = {
			isa = PBXFrameworksBuildPhase;
			buildActionMask = 2147483647;
			files = (
			);
			runOnlyForDeploymentPostprocessing = 0;
		};
		738E0B2124D177C100B228B8 /* Frameworks */ = {
			isa = PBXFrameworksBuildPhase;
			buildActionMask = 2147483647;
			files = (
			);
			runOnlyForDeploymentPostprocessing = 0;
		};
/* End PBXFrameworksBuildPhase section */

/* Begin PBXGroup section */
		732B49C624D8094700A6296C /* Utils */ = {
			isa = PBXGroup;
			children = (
				732B49C924D8094700A6296C /* GLESMath.c */,
				732B49CC24D8094700A6296C /* GLESMath.h */,
				732B49CA24D8094700A6296C /* GLESUtils.h */,
				732B49C724D8094700A6296C /* GLESUtils.m */,
				732B49C824D8094700A6296C /* Quaternion.h */,
				732B49CB24D8094700A6296C /* Vector.h */,
			);
			path = Utils;
			sourceTree = "<group>";
		};
		738E0AF524D177BE00B228B8 = {
			isa = PBXGroup;
			children = (
				738E0B0024D177BE00B228B8 /* GLSL_Test */,
				738E0B1C24D177C100B228B8 /* GLSL_TestTests */,
				738E0B2724D177C100B228B8 /* GLSL_TestUITests */,
				738E0AFF24D177BE00B228B8 /* Products */,
			);
			sourceTree = "<group>";
		};
		738E0AFF24D177BE00B228B8 /* Products */ = {
			isa = PBXGroup;
			children = (
				738E0AFE24D177BE00B228B8 /* GLSL_Test.app */,
				738E0B1924D177C100B228B8 /* GLSL_TestTests.xctest */,
				738E0B2424D177C100B228B8 /* GLSL_TestUITests.xctest */,
			);
			name = Products;
			sourceTree = "<group>";
		};
		738E0B0024D177BE00B228B8 /* GLSL_Test */ = {
			isa = PBXGroup;
			children = (
				732B49C624D8094700A6296C /* Utils */,
				738E0B0124D177BE00B228B8 /* AppDelegate.h */,
				738E0B0224D177BE00B228B8 /* AppDelegate.m */,
				738E0B0424D177BE00B228B8 /* SceneDelegate.h */,
				738E0B0524D177BE00B228B8 /* SceneDelegate.m */,
				738E0B0724D177BE00B228B8 /* ViewController.h */,
				738E0B0824D177BE00B228B8 /* ViewController.m */,
				73B807AA24D30E9B00098735 /* GLSLTestView.h */,
				73B807AB24D30E9B00098735 /* GLSLTestView.m */,
				738E0B3624D17B1700B228B8 /* shaderv.vsh */,
				738E0B3824D17B2300B228B8 /* shaderf.fsh */,
				738E0B0A24D177BE00B228B8 /* Main.storyboard */,
				738E0B0D24D177C100B228B8 /* Assets.xcassets */,
				738E0B0F24D177C100B228B8 /* LaunchScreen.storyboard */,
				738E0B1224D177C100B228B8 /* Info.plist */,
				738E0B1324D177C100B228B8 /* main.m */,
			);
			path = GLSL_Test;
			sourceTree = "<group>";
		};
		738E0B1C24D177C100B228B8 /* GLSL_TestTests */ = {
			isa = PBXGroup;
			children = (
				738E0B1D24D177C100B228B8 /* GLSL_TestTests.m */,
				738E0B1F24D177C100B228B8 /* Info.plist */,
			);
			path = GLSL_TestTests;
			sourceTree = "<group>";
		};
		738E0B2724D177C100B228B8 /* GLSL_TestUITests */ = {
			isa = PBXGroup;
			children = (
				738E0B2824D177C100B228B8 /* GLSL_TestUITests.m */,
				738E0B2A24D177C100B228B8 /* Info.plist */,
			);
			path = GLSL_TestUITests;
			sourceTree = "<group>";
		};
/* End PBXGroup section */

/* Begin PBXNativeTarget section */
		738E0AFD24D177BE00B228B8 /* GLSL_Test */ = {
			isa = PBXNativeTarget;
			buildConfigurationList = 738E0B2D24D177C100B228B8 /* Build configuration list for PBXNativeTarget "GLSL_Test" */;
			buildPhases = (
				738E0AFA24D177BE00B228B8 /* Sources */,
				738E0AFB24D177BE00B228B8 /* Frameworks */,
				738E0AFC24D177BE00B228B8 /* Resources */,
			);
			buildRules = (
			);
			dependencies = (
			);
			name = GLSL_Test;
			productName = GLSL_Test;
			productReference = 738E0AFE24D177BE00B228B8 /* GLSL_Test.app */;
			productType = "com.apple.product-type.application";
		};
		738E0B1824D177C100B228B8 /* GLSL_TestTests */ = {
			isa = PBXNativeTarget;
			buildConfigurationList = 738E0B3024D177C100B228B8 /* Build configuration list for PBXNativeTarget "GLSL_TestTests" */;
			buildPhases = (
				738E0B1524D177C100B228B8 /* Sources */,
				738E0B1624D177C100B228B8 /* Frameworks */,
				738E0B1724D177C100B228B8 /* Resources */,
			);
			buildRules = (
			);
			dependencies = (
				738E0B1B24D177C100B228B8 /* PBXTargetDependency */,
			);
			name = GLSL_TestTests;
			productName = GLSL_TestTests;
			productReference = 738E0B1924D177C100B228B8 /* GLSL_TestTests.xctest */;
			productType = "com.apple.product-type.bundle.unit-test";
		};
		738E0B2324D177C100B228B8 /* GLSL_TestUITests */ = {
			isa = PBXNativeTarget;
			buildConfigurationList = 738E0B3324D177C100B228B8 /* Build configuration list for PBXNativeTarget "GLSL_TestUITests" */;
			buildPhases = (
				738E0B2024D177C100B228B8 /* Sources */,
				738E0B2124D177C100B228B8 /* Frameworks */,
				738E0B2224D177C100B228B8 /* Resources */,
			);
			buildRules = (
			);
			dependencies = (
				738E0B2624D177C100B228B8 /* PBXTargetDependency */,
			);
			name = GLSL_TestUITests;
			productName = GLSL_TestUITests;
			productReference = 738E0B2424D177C100B228B8 /* GLSL_TestUITests.xctest */;
			productType = "com.apple.product-type.bundle.ui-testing";
		};
/* End PBXNativeTarget section */

/* Begin PBXProject section */
		738E0AF624D177BE00B228B8 /* Project object */ = {
			isa = PBXProject;
			attributes = {
				LastUpgradeCheck = 1130;
				ORGANIZATIONNAME = leosun;
				TargetAttributes = {
					738E0AFD24D177BE00B228B8 = {
						CreatedOnToolsVersion = 11.3.1;
					};
					738E0B1824D177C100B228B8 = {
						CreatedOnToolsVersion = 11.3.1;
						TestTargetID = 738E0AFD24D177BE00B228B8;
					};
					738E0B2324D177C100B228B8 = {
						CreatedOnToolsVersion = 11.3.1;
						TestTargetID = 738E0AFD24D177BE00B228B8;
					};
				};
			};
			buildConfigurationList = 738E0AF924D177BE00B228B8 /* Build configuration list for PBXProject "GLSL_Test" */;
			compatibilityVersion = "Xcode 9.3";
			developmentRegion = en;
			hasScannedForEncodings = 0;
			knownRegions = (
				en,
				Base,
			);
			mainGroup = 738E0AF524D177BE00B228B8;
			productRefGroup = 738E0AFF24D177BE00B228B8 /* Products */;
			projectDirPath = "";
			projectRoot = "";
			targets = (
				738E0AFD24D177BE00B228B8 /* GLSL_Test */,
				738E0B1824D177C100B228B8 /* GLSL_TestTests */,
				738E0B2324D177C100B228B8 /* GLSL_TestUITests */,
			);
		};
/* End PBXProject section */

/* Begin PBXResourcesBuildPhase section */
		738E0AFC24D177BE00B228B8 /* Resources */ = {
			isa = PBXResourcesBuildPhase;
			buildActionMask = 2147483647;
			files = (
				738E0B3924D17B2300B228B8 /* shaderf.fsh in Resources */,
				738E0B1124D177C100B228B8 /* LaunchScreen.storyboard in Resources */,
				738E0B0E24D177C100B228B8 /* Assets.xcassets in Resources */,
				738E0B0C24D177BE00B228B8 /* Main.storyboard in Resources */,
				738E0B3724D17B1700B228B8 /* shaderv.vsh in Resources */,
			);
			runOnlyForDeploymentPostprocessing = 0;
		};
		738E0B1724D177C100B228B8 /* Resources */ = {
			isa = PBXResourcesBuildPhase;
			buildActionMask = 2147483647;
			files = (
			);
			runOnlyForDeploymentPostprocessing = 0;
		};
		738E0B2224D177C100B228B8 /* Resources */ = {
			isa = PBXResourcesBuildPhase;
			buildActionMask = 2147483647;
			files = (
			);
			runOnlyForDeploymentPostprocessing = 0;
		};
/* End PBXResourcesBuildPhase section */

/* Begin PBXSourcesBuildPhase section */
		738E0AFA24D177BE00B228B8 /* Sources */ = {
			isa = PBXSourcesBuildPhase;
			buildActionMask = 2147483647;
			files = (
				738E0B0924D177BE00B228B8 /* ViewController.m in Sources */,
				738E0B0324D177BE00B228B8 /* AppDelegate.m in Sources */,
				732B49CE24D8094700A6296C /* GLESMath.c in Sources */,
				73B807AC24D30E9B00098735 /* GLSLTestView.m in Sources */,
				738E0B1424D177C100B228B8 /* main.m in Sources */,
				732B49CD24D8094700A6296C /* GLESUtils.m in Sources */,
				738E0B0624D177BE00B228B8 /* SceneDelegate.m in Sources */,
			);
			runOnlyForDeploymentPostprocessing = 0;
		};
		738E0B1524D177C100B228B8 /* Sources */ = {
			isa = PBXSourcesBuildPhase;
			buildActionMask = 2147483647;
			files = (
				738E0B1E24D177C100B228B8 /* GLSL_TestTests.m in Sources */,
			);
			runOnlyForDeploymentPostprocessing = 0;
		};
		738E0B2024D177C100B228B8 /* Sources */ = {
			isa = PBXSourcesBuildPhase;
			buildActionMask = 2147483647;
			files = (
				738E0B2924D177C100B228B8 /* GLSL_TestUITests.m in Sources */,
			);
			runOnlyForDeploymentPostprocessing = 0;
		};
/* End PBXSourcesBuildPhase section */

/* Begin PBXTargetDependency section */
		738E0B1B24D177C100B228B8 /* PBXTargetDependency */ = {
			isa = PBXTargetDependency;
			target = 738E0AFD24D177BE00B228B8 /* GLSL_Test */;
			targetProxy = 738E0B1A24D177C100B228B8 /* PBXContainerItemProxy */;
		};
		738E0B2624D177C100B228B8 /* PBXTargetDependency */ = {
			isa = PBXTargetDependency;
			target = 738E0AFD24D177BE00B228B8 /* GLSL_Test */;
			targetProxy = 738E0B2524D177C100B228B8 /* PBXContainerItemProxy */;
		};
/* End PBXTargetDependency section */

/* Begin PBXVariantGroup section */
		738E0B0A24D177BE00B228B8 /* Main.storyboard */ = {
			isa = PBXVariantGroup;
			children = (
				738E0B0B24D177BE00B228B8 /* Base */,
			);
			name = Main.storyboard;
			sourceTree = "<group>";
		};
		738E0B0F24D177C100B228B8 /* LaunchScreen.storyboard */ = {
			isa = PBXVariantGroup;
			children = (
				738E0B1024D177C100B228B8 /* Base */,
			);
			name = LaunchScreen.storyboard;
			sourceTree = "<group>";
		};
/* End PBXVariantGroup section */

/* Begin XCBuildConfiguration section */
		738E0B2B24D177C100B228B8 /* Debug */ = {
			isa = XCBuildConfiguration;
			buildSettings = {
				ALWAYS_SEARCH_USER_PATHS = NO;
				CLANG_ANALYZER_NONNULL = YES;
				CLANG_ANALYZER_NUMBER_OBJECT_CONVERSION = YES_AGGRESSIVE;
				CLANG_CXX_LANGUAGE_STANDARD = "gnu++14";
				CLANG_CXX_LIBRARY = "libc++";
				CLANG_ENABLE_MODULES = YES;
				CLANG_ENABLE_OBJC_ARC = YES;
				CLANG_ENABLE_OBJC_WEAK = YES;
				CLANG_WARN_BLOCK_CAPTURE_AUTORELEASING = YES;
				CLANG_WARN_BOOL_CONVERSION = YES;
				CLANG_WARN_COMMA = YES;
				CLANG_WARN_CONSTANT_CONVERSION = YES;
				CLANG_WARN_DEPRECATED_OBJC_IMPLEMENTATIONS = YES;
				CLANG_WARN_DIRECT_OBJC_ISA_USAGE = YES_ERROR;
				CLANG_WARN_DOCUMENTATION_COMMENTS = YES;
				CLANG_WARN_EMPTY_BODY = YES;
				CLANG_WARN_ENUM_CONVERSION = YES;
				CLANG_WARN_INFINITE_RECURSION = YES;
				CLANG_WARN_INT_CONVERSION = YES;
				CLANG_WARN_NON_LITERAL_NULL_CONVERSION = YES;
				CLANG_WARN_OBJC_IMPLICIT_RETAIN_SELF = YES;
				CLANG_WARN_OBJC_LITERAL_CONVERSION = YES;
				CLANG_WARN_OBJC_ROOT_CLASS = YES_ERROR;
				CLANG_WARN_RANGE_LOOP_ANALYSIS = YES;
				CLANG_WARN_STRICT_PROTOTYPES = YES;
				CLANG_WARN_SUSPICIOUS_MOVE = YES;
				CLANG_WARN_UNGUARDED_AVAILABILITY = YES_AGGRESSIVE;
				CLANG_WARN_UNREACHABLE_CODE = YES;
				CLANG_WARN__DUPLICATE_METHOD_MATCH = YES;
				COPY_PHASE_STRIP = NO;
				DEBUG_INFORMATION_FORMAT = dwarf;
				ENABLE_STRICT_OBJC_MSGSEND = YES;
				ENABLE_TESTABILITY = YES;
				GCC_C_LANGUAGE_STANDARD = gnu11;
				GCC_DYNAMIC_NO_PIC = NO;
				GCC_NO_COMMON_BLOCKS = YES;
				GCC_OPTIMIZATION_LEVEL = 0;
				GCC_PREPROCESSOR_DEFINITIONS = (
					"DEBUG=1",
					"$(inherited)",
				);
				GCC_WARN_64_TO_32_BIT_CONVERSION = YES;
				GCC_WARN_ABOUT_RETURN_TYPE = YES_ERROR;
				GCC_WARN_UNDECLARED_SELECTOR = YES;
				GCC_WARN_UNINITIALIZED_AUTOS = YES_AGGRESSIVE;
				GCC_WARN_UNUSED_FUNCTION = YES;
				GCC_WARN_UNUSED_VARIABLE = YES;
				IPHONEOS_DEPLOYMENT_TARGET = 13.2;
				MTL_ENABLE_DEBUG_INFO = INCLUDE_SOURCE;
				MTL_FAST_MATH = YES;
				ONLY_ACTIVE_ARCH = YES;
				SDKROOT = iphoneos;
			};
			name = Debug;
		};
		738E0B2C24D177C100B228B8 /* Release */ = {
			isa = XCBuildConfiguration;
			buildSettings = {
				ALWAYS_SEARCH_USER_PATHS = NO;
				CLANG_ANALYZER_NONNULL = YES;
				CLANG_ANALYZER_NUMBER_OBJECT_CONVERSION = YES_AGGRESSIVE;
				CLANG_CXX_LANGUAGE_STANDARD = "gnu++14";
				CLANG_CXX_LIBRARY = "libc++";
				CLANG_ENABLE_MODULES = YES;
				CLANG_ENABLE_OBJC_ARC = YES;
				CLANG_ENABLE_OBJC_WEAK = YES;
				CLANG_WARN_BLOCK_CAPTURE_AUTORELEASING = YES;
				CLANG_WARN_BOOL_CONVERSION = YES;
				CLANG_WARN_COMMA = YES;
				CLANG_WARN_CONSTANT_CONVERSION = YES;
				CLANG_WARN_DEPRECATED_OBJC_IMPLEMENTATIONS = YES;
				CLANG_WARN_DIRECT_OBJC_ISA_USAGE = YES_ERROR;
				CLANG_WARN_DOCUMENTATION_COMMENTS = YES;
				CLANG_WARN_EMPTY_BODY = YES;
				CLANG_WARN_ENUM_CONVERSION = YES;
				CLANG_WARN_INFINITE_RECURSION = YES;
				CLANG_WARN_INT_CONVERSION = YES;
				CLANG_WARN_NON_LITERAL_NULL_CONVERSION = YES;
				CLANG_WARN_OBJC_IMPLICIT_RETAIN_SELF = YES;
				CLANG_WARN_OBJC_LITERAL_CONVERSION = YES;
				CLANG_WARN_OBJC_ROOT_CLASS = YES_ERROR;
				CLANG_WARN_RANGE_LOOP_ANALYSIS = YES;
				CLANG_WARN_STRICT_PROTOTYPES = YES;
				CLANG_WARN_SUSPICIOUS_MOVE = YES;
				CLANG_WARN_UNGUARDED_AVAILABILITY = YES_AGGRESSIVE;
				CLANG_WARN_UNREACHABLE_CODE = YES;
				CLANG_WARN__DUPLICATE_METHOD_MATCH = YES;
				COPY_PHASE_STRIP = NO;
				DEBUG_INFORMATION_FORMAT = "dwarf-with-dsym";
				ENABLE_NS_ASSERTIONS = NO;
				ENABLE_STRICT_OBJC_MSGSEND = YES;
				GCC_C_LANGUAGE_STANDARD = gnu11;
				GCC_NO_COMMON_BLOCKS = YES;
				GCC_WARN_64_TO_32_BIT_CONVERSION = YES;
				GCC_WARN_ABOUT_RETURN_TYPE = YES_ERROR;
				GCC_WARN_UNDECLARED_SELECTOR = YES;
				GCC_WARN_UNINITIALIZED_AUTOS = YES_AGGRESSIVE;
				GCC_WARN_UNUSED_FUNCTION = YES;
				GCC_WARN_UNUSED_VARIABLE = YES;
				IPHONEOS_DEPLOYMENT_TARGET = 13.2;
				MTL_ENABLE_DEBUG_INFO = NO;
				MTL_FAST_MATH = YES;
				SDKROOT = iphoneos;
				VALIDATE_PRODUCT = YES;
			};
			name = Release;
		};
		738E0B2E24D177C100B228B8 /* Debug */ = {
			isa = XCBuildConfiguration;
			buildSettings = {
				ASSETCATALOG_COMPILER_APPICON_NAME = AppIcon;
				CODE_SIGN_STYLE = Automatic;
				DEVELOPMENT_TEAM = 8BZHMSPN62;
				GCC_WARN_ABOUT_DEPRECATED_FUNCTIONS = NO;
				INFOPLIST_FILE = GLSL_Test/Info.plist;
				LD_RUNPATH_SEARCH_PATHS = (
					"$(inherited)",
					"@executable_path/Frameworks",
				);
				PRODUCT_BUNDLE_IDENTIFIER = "OpenGLTest.Leo.GLSL-Test";
				PRODUCT_NAME = "$(TARGET_NAME)";
				TARGETED_DEVICE_FAMILY = "1,2";
			};
			name = Debug;
		};
		738E0B2F24D177C100B228B8 /* Release */ = {
			isa = XCBuildConfiguration;
			buildSettings = {
				ASSETCATALOG_COMPILER_APPICON_NAME = AppIcon;
				CODE_SIGN_STYLE = Automatic;
				DEVELOPMENT_TEAM = 8BZHMSPN62;
				GCC_WARN_ABOUT_DEPRECATED_FUNCTIONS = NO;
				INFOPLIST_FILE = GLSL_Test/Info.plist;
				LD_RUNPATH_SEARCH_PATHS = (
					"$(inherited)",
					"@executable_path/Frameworks",
				);
				PRODUCT_BUNDLE_IDENTIFIER = "OpenGLTest.Leo.GLSL-Test";
				PRODUCT_NAME = "$(TARGET_NAME)";
				TARGETED_DEVICE_FAMILY = "1,2";
			};
			name = Release;
		};
		738E0B3124D177C100B228B8 /* Debug */ = {
			isa = XCBuildConfiguration;
			buildSettings = {
				BUNDLE_LOADER = "$(TEST_HOST)";
				CODE_SIGN_STYLE = Automatic;
				DEVELOPMENT_TEAM = 8BZHMSPN62;
				INFOPLIST_FILE = GLSL_TestTests/Info.plist;
				IPHONEOS_DEPLOYMENT_TARGET = 13.2;
				LD_RUNPATH_SEARCH_PATHS = (
					"$(inherited)",
					"@executable_path/Frameworks",
					"@loader_path/Frameworks",
				);
				PRODUCT_BUNDLE_IDENTIFIER = "OpenGLTest.Leo.GLSL-TestTests";
				PRODUCT_NAME = "$(TARGET_NAME)";
				TARGETED_DEVICE_FAMILY = "1,2";
				TEST_HOST = "$(BUILT_PRODUCTS_DIR)/GLSL_Test.app/GLSL_Test";
			};
			name = Debug;
		};
		738E0B3224D177C100B228B8 /* Release */ = {
			isa = XCBuildConfiguration;
			buildSettings = {
				BUNDLE_LOADER = "$(TEST_HOST)";
				CODE_SIGN_STYLE = Automatic;
				DEVELOPMENT_TEAM = 8BZHMSPN62;
				INFOPLIST_FILE = GLSL_TestTests/Info.plist;
				IPHONEOS_DEPLOYMENT_TARGET = 13.2;
				LD_RUNPATH_SEARCH_PATHS = (
					"$(inherited)",
					"@executable_path/Frameworks",
					"@loader_path/Frameworks",
				);
				PRODUCT_BUNDLE_IDENTIFIER = "OpenGLTest.Leo.GLSL-TestTests";
				PRODUCT_NAME = "$(TARGET_NAME)";
				TARGETED_DEVICE_FAMILY = "1,2";
				TEST_HOST = "$(BUILT_PRODUCTS_DIR)/GLSL_Test.app/GLSL_Test";
			};
			name = Release;
		};
		738E0B3424D177C100B228B8 /* Debug */ = {
			isa = XCBuildConfiguration;
			buildSettings = {
				CODE_SIGN_STYLE = Automatic;
				DEVELOPMENT_TEAM = 8BZHMSPN62;
				INFOPLIST_FILE = GLSL_TestUITests/Info.plist;
				LD_RUNPATH_SEARCH_PATHS = (
					"$(inherited)",
					"@executable_path/Frameworks",
					"@loader_path/Frameworks",
				);
				PRODUCT_BUNDLE_IDENTIFIER = "OpenGLTest.Leo.GLSL-TestUITests";
				PRODUCT_NAME = "$(TARGET_NAME)";
				TARGETED_DEVICE_FAMILY = "1,2";
				TEST_TARGET_NAME = GLSL_Test;
			};
			name = Debug;
		};
		738E0B3524D177C100B228B8 /* Release */ = {
			isa = XCBuildConfiguration;
			buildSettings = {
				CODE_SIGN_STYLE = Automatic;
				DEVELOPMENT_TEAM = 8BZHMSPN62;
				INFOPLIST_FILE = GLSL_TestUITests/Info.plist;
				LD_RUNPATH_SEARCH_PATHS = (
					"$(inherited)",
					"@executable_path/Frameworks",
					"@loader_path/Frameworks",
				);
				PRODUCT_BUNDLE_IDENTIFIER = "OpenGLTest.Leo.GLSL-TestUITests";
				PRODUCT_NAME = "$(TARGET_NAME)";
				TARGETED_DEVICE_FAMILY = "1,2";
				TEST_TARGET_NAME = GLSL_Test;
			};
			name = Release;
		};
/* End XCBuildConfiguration section */

/* Begin XCConfigurationList section */
		738E0AF924D177BE00B228B8 /* Build configuration list for PBXProject "GLSL_Test" */ = {
			isa = XCConfigurationList;
			buildConfigurations = (
				738E0B2B24D177C100B228B8 /* Debug */,
				738E0B2C24D177C100B228B8 /* Release */,
			);
			defaultConfigurationIsVisible = 0;
			defaultConfigurationName = Release;
		};
		738E0B2D24D177C100B228B8 /* Build configuration list for PBXNativeTarget "GLSL_Test" */ = {
			isa = XCConfigurationList;
			buildConfigurations = (
				738E0B2E24D177C100B228B8 /* Debug */,
				738E0B2F24D177C100B228B8 /* Release */,
			);
			defaultConfigurationIsVisible = 0;
			defaultConfigurationName = Release;
		};
		738E0B3024D177C100B228B8 /* Build configuration list for PBXNativeTarget "GLSL_TestTests" */ = {
			isa = XCConfigurationList;
			buildConfigurations = (
				738E0B3124D177C100B228B8 /* Debug */,
				738E0B3224D177C100B228B8 /* Release */,
			);
			defaultConfigurationIsVisible = 0;
			defaultConfigurationName = Release;
		};
		738E0B3324D177C100B228B8 /* Build configuration list for PBXNativeTarget "GLSL_TestUITests" */ = {
			isa = XCConfigurationList;
			buildConfigurations = (
				738E0B3424D177C100B228B8 /* Debug */,
				738E0B3524D177C100B228B8 /* Release */,
			);
			defaultConfigurationIsVisible = 0;
			defaultConfigurationName = Release;
		};
/* End XCConfigurationList section */
	};
	rootObject = 738E0AF624D177BE00B228B8 /* Project object */;
}
